{
  "nodes": {
    "nosys": {
      "locked": {
        "lastModified": 1683048500,
        "narHash": "sha256-jSCjAy+MEbZZ7Iv92iVJeLuwm90J83RouXFOPSxr05g=",
        "owner": "divnix",
        "repo": "nosys",
        "rev": "52ff559e63d4d8e2a3a0cfbc50a7b2a4361d9101",
        "type": "github"
      },
      "original": {
        "owner": "divnix",
        "repo": "nosys",
        "type": "github"
      }
    },
    "root": {
      "inputs": {
        "nosys": "nosys"
      }
    }
  },
  "root": "root",
  "version": 7
}
